
Microsoft Visual Studio Solution File, Format Version 12.00
# Visual Studio Version 17
VisualStudioVersion = 17.3.32929.385
MinimumVisualStudioVersion = 10.0.40219.1
Project("{FAE04EC0-301F-11D3-BF4B-00C04F79EFBC}") = "Task29", "Task29.csproj", "{0A23796C-22EE-4C5C-9A88-430C8B95ADB6}"
EndProject
Global
	GlobalSection(SolutionConfigurationPlatforms) = preSolution
		Debug|Any CPU = Debug|Any CPU
		Release|Any CPU = Release|Any CPU
	EndGlobalSection
	GlobalSection(ProjectConfigurationPlatforms) = postSolution
		{0A23796C-22EE-4C5C-9A88-430C8B95ADB6}.Debug|Any CPU.ActiveCfg = Debug|Any CPU
		{0A23796C-22EE-4C5C-9A88-430C8B95ADB6}.Debug|Any CPU.Build.0 = Debug|Any CPU
		{0A23796C-22EE-4C5C-9A88-430C8B95ADB6}.Release|Any CPU.ActiveCfg = Release|Any CPU
		{0A23796C-22EE-4C5C-9A88-430C8B95ADB6}.Release|Any CPU.Build.0 = Release|Any CPU
	EndGlobalSection
	GlobalSection(SolutionProperties) = preSolution
		HideSolutionNode = FALSE
	EndGlobalSection
	GlobalSection(ExtensibilityGlobals) = postSolution
		SolutionGuid = {52A96568-BCFD-47AD-8C0C-6EB91AB439CC}
	EndGlobalSection
EndGlobal
